Microsoft Visual Studio Solution File, Format Version 11.00
# Visual Studio 2008

Project("{B76755CB-805A-CCE6-D913-84000FF84B83}") = "vrmfa-Unity", "Assembly-CSharp-firstpass.csproj", "{7A671AAD-A8A1-3B0E-C0FA-3EFB5260D4EB}"
EndProject
Project("{B76755CB-805A-CCE6-D913-84000FF84B83}") = "vrmfa-Unity", "Assembly-CSharp.csproj", "{0AFF5865-133F-54A7-B1CE-3604AD0E5ADA}"
EndProject
Project("{B76755CB-805A-CCE6-D913-84000FF84B83}") = "vrmfa-Unity", "Assembly-CSharp-Editor.csproj", "{E0DD2199-8AA6-EC71-7EF2-EE6052736B97}"
EndProject
Project("{B76755CB-805A-CCE6-D913-84000FF84B83}") = "vrmfa-Unity", "Assembly-UnityScript.unityproj", "{FFBE314B-7622-F355-12FD-8C8811C4A9ED}"
EndProject
Global
	GlobalSection(SolutionConfigurationPlatforms) = preSolution
		Debug|Any CPU = Debug|Any CPU
		Release|Any CPU = Release|Any CPU
	EndGlobalSection
	GlobalSection(ProjectConfigurationPlatforms) = postSolution
		{7A671AAD-A8A1-3B0E-C0FA-3EFB5260D4EB}.Debug|Any CPU.ActiveCfg = Debug|Any CPU
		{7A671AAD-A8A1-3B0E-C0FA-3EFB5260D4EB}.Debug|Any CPU.Build.0 = Debug|Any CPU
		{7A671AAD-A8A1-3B0E-C0FA-3EFB5260D4EB}.Release|Any CPU.ActiveCfg = Release|Any CPU
		{7A671AAD-A8A1-3B0E-C0FA-3EFB5260D4EB}.Release|Any CPU.Build.0 = Release|Any CPU
		{0AFF5865-133F-54A7-B1CE-3604AD0E5ADA}.Debug|Any CPU.ActiveCfg = Debug|Any CPU
		{0AFF5865-133F-54A7-B1CE-3604AD0E5ADA}.Debug|Any CPU.Build.0 = Debug|Any CPU
		{0AFF5865-133F-54A7-B1CE-3604AD0E5ADA}.Release|Any CPU.ActiveCfg = Release|Any CPU
		{0AFF5865-133F-54A7-B1CE-3604AD0E5ADA}.Release|Any CPU.Build.0 = Release|Any CPU
		{E0DD2199-8AA6-EC71-7EF2-EE6052736B97}.Debug|Any CPU.ActiveCfg = Debug|Any CPU
		{E0DD2199-8AA6-EC71-7EF2-EE6052736B97}.Debug|Any CPU.Build.0 = Debug|Any CPU
		{E0DD2199-8AA6-EC71-7EF2-EE6052736B97}.Release|Any CPU.ActiveCfg = Release|Any CPU
		{E0DD2199-8AA6-EC71-7EF2-EE6052736B97}.Release|Any CPU.Build.0 = Release|Any CPU
		{FFBE314B-7622-F355-12FD-8C8811C4A9ED}.Debug|Any CPU.ActiveCfg = Debug|Any CPU
		{FFBE314B-7622-F355-12FD-8C8811C4A9ED}.Debug|Any CPU.Build.0 = Debug|Any CPU
		{FFBE314B-7622-F355-12FD-8C8811C4A9ED}.Release|Any CPU.ActiveCfg = Release|Any CPU
		{FFBE314B-7622-F355-12FD-8C8811C4A9ED}.Release|Any CPU.Build.0 = Release|Any CPU
	EndGlobalSection
	GlobalSection(SolutionProperties) = preSolution
		HideSolutionNode = FALSE
	EndGlobalSection
	GlobalSection(MonoDevelopProperties) = preSolution
		StartupItem = Assembly-CSharp.csproj
		Policies = $0
		$0.TextStylePolicy = $1
		$1.inheritsSet = null
		$1.scope = text/x-csharp
		$0.CSharpFormattingPolicy = $2
		$2.inheritsSet = Mono
		$2.inheritsScope = text/x-csharp
		$2.scope = text/x-csharp
		$0.TextStylePolicy = $3
		$3.FileWidth = 120
		$3.TabWidth = 4
		$3.IndentWidth = 4
		$3.EolMarker = Unix
		$3.inheritsSet = Mono
		$3.inheritsScope = text/plain
		$3.scope = text/plain
	EndGlobalSection
EndGlobal
